
Microsoft Visual Studio Solution File, Format Version 12.00
Project("{FAE04EC0-301F-11D3-BF4B-00C04F79EFBC}") = "NotificationWorker", "NotificationWorker.csproj", "{826F1780-635C-47FB-A852-E3A1FEC0C94A}"
EndProject
Project("{2150E333-8FDC-42A3-9474-1A3956D46DE8}") = "Solution Items", "Solution Items", "{965D582A-97F3-440D-959F-2A6CE291943D}"
	ProjectSection(SolutionItems) = preProject
		compose.yaml = compose.yaml
	EndProjectSection
EndProject
Global
	GlobalSection(SolutionConfigurationPlatforms) = preSolution
		Debug|Any CPU = Debug|Any CPU
		Release|Any CPU = Release|Any CPU
	EndGlobalSection
	GlobalSection(ProjectConfigurationPlatforms) = postSolution
		{826F1780-635C-47FB-A852-E3A1FEC0C94A}.Debug|Any CPU.ActiveCfg = Debug|Any CPU
		{826F1780-635C-47FB-A852-E3A1FEC0C94A}.Debug|Any CPU.Build.0 = Debug|Any CPU
		{826F1780-635C-47FB-A852-E3A1FEC0C94A}.Release|Any CPU.ActiveCfg = Release|Any CPU
		{826F1780-635C-47FB-A852-E3A1FEC0C94A}.Release|Any CPU.Build.0 = Release|Any CPU
	EndGlobalSection
EndGlobal
